
Microsoft Visual Studio Solution File, Format Version 12.00
# Visual Studio Version 17
VisualStudioVersion = 17.13.35913.81 d17.13
MinimumVisualStudioVersion = 10.0.40219.1
Project("{FAE04EC0-301F-11D3-BF4B-00C04F79EFBC}") = "CalculateCircleAndSphere", "CalculateCircleAndSphere\CalculateCircleAndSphere.csproj", "{2C8C15FD-08EF-414E-8520-E0968F849962}"
EndProject
Global
	GlobalSection(SolutionConfigurationPlatforms) = preSolution
		Debug|Any CPU = Debug|Any CPU
		Release|Any CPU = Release|Any CPU
	EndGlobalSection
	GlobalSection(ProjectConfigurationPlatforms) = postSolution
		{2C8C15FD-08EF-414E-8520-E0968F849962}.Debug|Any CPU.ActiveCfg = Debug|Any CPU
		{2C8C15FD-08EF-414E-8520-E0968F849962}.Debug|Any CPU.Build.0 = Debug|Any CPU
		{2C8C15FD-08EF-414E-8520-E0968F849962}.Release|Any CPU.ActiveCfg = Release|Any CPU
		{2C8C15FD-08EF-414E-8520-E0968F849962}.Release|Any CPU.Build.0 = Release|Any CPU
	EndGlobalSection
	GlobalSection(SolutionProperties) = preSolution
		HideSolutionNode = FALSE
	EndGlobalSection
	GlobalSection(ExtensibilityGlobals) = postSolution
		SolutionGuid = {C985DDF6-646F-46BB-BD68-4918D5E4B68D}
	EndGlobalSection
EndGlobal
