
Microsoft Visual Studio Solution File, Format Version 12.00
# Visual Studio Version 17
VisualStudioVersion = 17.13.35913.81 d17.13
MinimumVisualStudioVersion = 10.0.40219.1
Project("{FAE04EC0-301F-11D3-BF4B-00C04F79EFBC}") = "TernaryExpression", "TernaryExpression\TernaryExpression.csproj", "{C67199B5-E4A2-454E-953B-C4AC63CDD1D0}"
EndProject
Global
	GlobalSection(SolutionConfigurationPlatforms) = preSolution
		Debug|Any CPU = Debug|Any CPU
		Release|Any CPU = Release|Any CPU
	EndGlobalSection
	GlobalSection(ProjectConfigurationPlatforms) = postSolution
		{C67199B5-E4A2-454E-953B-C4AC63CDD1D0}.Debug|Any CPU.ActiveCfg = Debug|Any CPU
		{C67199B5-E4A2-454E-953B-C4AC63CDD1D0}.Debug|Any CPU.Build.0 = Debug|Any CPU
		{C67199B5-E4A2-454E-953B-C4AC63CDD1D0}.Release|Any CPU.ActiveCfg = Release|Any CPU
		{C67199B5-E4A2-454E-953B-C4AC63CDD1D0}.Release|Any CPU.Build.0 = Release|Any CPU
	EndGlobalSection
	GlobalSection(SolutionProperties) = preSolution
		HideSolutionNode = FALSE
	EndGlobalSection
	GlobalSection(ExtensibilityGlobals) = postSolution
		SolutionGuid = {A5514B53-B483-414D-8922-A1BF566BD9AF}
	EndGlobalSection
EndGlobal
