
Microsoft Visual Studio Solution File, Format Version 12.00
# Visual Studio Version 17
VisualStudioVersion = 17.13.35913.81 d17.13
MinimumVisualStudioVersion = 10.0.40219.1
Project("{FAE04EC0-301F-11D3-BF4B-00C04F79EFBC}") = "DateTime", "DateTime\DateTime.csproj", "{0CDB835E-7C85-4308-AECE-78C47C78ABD8}"
EndProject
Global
	GlobalSection(SolutionConfigurationPlatforms) = preSolution
		Debug|Any CPU = Debug|Any CPU
		Release|Any CPU = Release|Any CPU
	EndGlobalSection
	GlobalSection(ProjectConfigurationPlatforms) = postSolution
		{0CDB835E-7C85-4308-AECE-78C47C78ABD8}.Debug|Any CPU.ActiveCfg = Debug|Any CPU
		{0CDB835E-7C85-4308-AECE-78C47C78ABD8}.Debug|Any CPU.Build.0 = Debug|Any CPU
		{0CDB835E-7C85-4308-AECE-78C47C78ABD8}.Release|Any CPU.ActiveCfg = Release|Any CPU
		{0CDB835E-7C85-4308-AECE-78C47C78ABD8}.Release|Any CPU.Build.0 = Release|Any CPU
	EndGlobalSection
	GlobalSection(SolutionProperties) = preSolution
		HideSolutionNode = FALSE
	EndGlobalSection
	GlobalSection(ExtensibilityGlobals) = postSolution
		SolutionGuid = {3E0AF07A-9640-458F-8186-8F8A344B804E}
	EndGlobalSection
EndGlobal
